
Microsoft Visual Studio Solution File, Format Version 12.00
# Visual Studio 15
Project("{FAE04EC0-301F-11D3-BF4B-00C04F79EFBC}") = "CitrioN.Common", "CitrioN.Common.csproj", "{4389AC3C-3448-97B2-F115-D8989B2F3942}"
EndProject
Project("{FAE04EC0-301F-11D3-BF4B-00C04F79EFBC}") = "UniHumanoid", "UniHumanoid.csproj", "{A205BC3C-0F5F-31D6-A04F-9140B18075B5}"
EndProject
Project("{FAE04EC0-301F-11D3-BF4B-00C04F79EFBC}") = "CitrioN.UI.Panels", "CitrioN.UI.Panels.csproj", "{565ECD4D-8C4A-BCFB-053A-8D682477667C}"
EndProject
Project("{FAE04EC0-301F-11D3-BF4B-00C04F79EFBC}") = "UniGLTF.Editor", "UniGLTF.Editor.csproj", "{03C6EAE4-6E6E-4A78-16F6-97845CD75FAD}"
EndProject
Project("{FAE04EC0-301F-11D3-BF4B-00C04F79EFBC}") = "UniGLTF", "UniGLTF.csproj", "{24AF9DB7-3C3D-DAA4-4B8E-F21D3CA2B09C}"
EndProject
Project("{FAE04EC0-301F-11D3-BF4B-00C04F79EFBC}") = "UniVRM.Editor", "UniVRM.Editor.csproj", "{480A062E-0E8A-B4B5-75D0-84EC9B49BE04}"
EndProject
Project("{FAE04EC0-301F-11D3-BF4B-00C04F79EFBC}") = "VRM", "VRM.csproj", "{4C5B82D4-FA9A-AAA3-43F5-4BF0761F53C7}"
EndProject
Project("{FAE04EC0-301F-11D3-BF4B-00C04F79EFBC}") = "CitrioN.UI.Components", "CitrioN.UI.Components.csproj", "{9CF8E439-74C8-A3C7-E1EE-5E3F863B6D4D}"
EndProject
Project("{FAE04EC0-301F-11D3-BF4B-00C04F79EFBC}") = "CitrioN.StyleProfileSystem", "CitrioN.StyleProfileSystem.csproj", "{577F9B9A-D130-DE19-0315-95BB99240199}"
EndProject
Project("{FAE04EC0-301F-11D3-BF4B-00C04F79EFBC}") = "Assembly-CSharp", "Assembly-CSharp.csproj", "{50D099D6-74EF-03EC-FF81-8219340A03E7}"
EndProject
Project("{FAE04EC0-301F-11D3-BF4B-00C04F79EFBC}") = "CitrioN.SettingsMenuCreator.Editor", "CitrioN.SettingsMenuCreator.Editor.csproj", "{F5C71546-122F-DC13-EF10-6BD8E4182986}"
EndProject
Project("{FAE04EC0-301F-11D3-BF4B-00C04F79EFBC}") = "CitrioN.SettingsMenuCreator", "CitrioN.SettingsMenuCreator.csproj", "{F8F9FEFE-7479-7E2B-E043-B0EAAF4949E2}"
EndProject
Project("{FAE04EC0-301F-11D3-BF4B-00C04F79EFBC}") = "CitrioN.Common.Editor", "CitrioN.Common.Editor.csproj", "{6EE0D61F-9410-E60E-7784-1CACE84ED422}"
EndProject
Project("{FAE04EC0-301F-11D3-BF4B-00C04F79EFBC}") = "MToon.Editor", "MToon.Editor.csproj", "{6273123F-A434-9AC8-419B-8C491DEE0E7E}"
EndProject
Project("{FAE04EC0-301F-11D3-BF4B-00C04F79EFBC}") = "UniGLTF.Tests", "UniGLTF.Tests.csproj", "{BB4471AA-39E0-D53E-96AA-0D385AD27B80}"
EndProject
Project("{FAE04EC0-301F-11D3-BF4B-00C04F79EFBC}") = "SpringBoneJobs", "SpringBoneJobs.csproj", "{DA48FB7E-9434-7ED4-91A1-DE99F6AA7544}"
EndProject
Project("{FAE04EC0-301F-11D3-BF4B-00C04F79EFBC}") = "Kirurobo.UniWindowController", "Kirurobo.UniWindowController.csproj", "{A90133BB-A221-3BA9-667D-2B946914CEF1}"
EndProject
Project("{FAE04EC0-301F-11D3-BF4B-00C04F79EFBC}") = "Kirurobo.UniWindowController.Editor", "Kirurobo.UniWindowController.Editor.csproj", "{2ED0A9D6-0A07-2C52-F4CF-797F8A382B60}"
EndProject
Project("{FAE04EC0-301F-11D3-BF4B-00C04F79EFBC}") = "CitrioN.StyleProfileSystem.UIToolkit", "CitrioN.StyleProfileSystem.UIToolkit.csproj", "{596FE2F7-1F67-BB57-783C-17F39CAD0D56}"
EndProject
Project("{FAE04EC0-301F-11D3-BF4B-00C04F79EFBC}") = "UniGLTF.Utils", "UniGLTF.Utils.csproj", "{ED9A9FDC-FE53-82CA-B967-57EE49D4C200}"
EndProject
Project("{FAE04EC0-301F-11D3-BF4B-00C04F79EFBC}") = "VRM.Samples.Editor.Tests", "VRM.Samples.Editor.Tests.csproj", "{0E767A09-5AA9-0A19-CED8-E1C6EF90F57D}"
EndProject
Project("{FAE04EC0-301F-11D3-BF4B-00C04F79EFBC}") = "CitrioN.UI.Components.Editor", "CitrioN.UI.Components.Editor.csproj", "{E505F858-6486-A16C-8664-A1E9BFF2BECC}"
EndProject
Project("{FAE04EC0-301F-11D3-BF4B-00C04F79EFBC}") = "MToon", "MToon.csproj", "{8860659B-2354-C553-51C6-EB69D2580DDB}"
EndProject
Project("{FAE04EC0-301F-11D3-BF4B-00C04F79EFBC}") = "VRM.Tests", "VRM.Tests.csproj", "{7782F9F2-1CA5-BA50-3848-FCA35E70FBC9}"
EndProject
Project("{FAE04EC0-301F-11D3-BF4B-00C04F79EFBC}") = "UniHumanoid.Editor", "UniHumanoid.Editor.csproj", "{28B08D61-915B-BE21-7F0C-31AE41F0E309}"
EndProject
Project("{FAE04EC0-301F-11D3-BF4B-00C04F79EFBC}") = "Assembly-CSharp-Editor", "Assembly-CSharp-Editor.csproj", "{CA5D96D4-449D-C9AA-B3DB-8730466D1E18}"
EndProject
Project("{FAE04EC0-301F-11D3-BF4B-00C04F79EFBC}") = "CitrioN.UI", "CitrioN.UI.csproj", "{F17927D9-C68A-170D-47D6-74B15AD7F709}"
EndProject
Project("{FAE04EC0-301F-11D3-BF4B-00C04F79EFBC}") = "CitrioN.UI.Components.UIToolkit", "CitrioN.UI.Components.UIToolkit.csproj", "{EC9BABF8-27BF-6A7A-2BC8-6AEF30A9ACFC}"
EndProject
Project("{FAE04EC0-301F-11D3-BF4B-00C04F79EFBC}") = "UniGLTF.UniUnlit", "UniGLTF.UniUnlit.csproj", "{5D97C08B-C972-FDDE-EFDB-51C5041E1378}"
EndProject
Project("{FAE04EC0-301F-11D3-BF4B-00C04F79EFBC}") = "UniGLTF.UniUnlit.Editor", "UniGLTF.UniUnlit.Editor.csproj", "{CADAFA43-B7B7-DE6F-24C3-5B0ECBE94AF1}"
EndProject
Project("{FAE04EC0-301F-11D3-BF4B-00C04F79EFBC}") = "UniHumanoid.Editor.Tests", "UniHumanoid.Editor.Tests.csproj", "{3413CC13-7FD4-F2E0-D9E9-1840171CDBB4}"
EndProject
Project("{FAE04EC0-301F-11D3-BF4B-00C04F79EFBC}") = "CitrioN.StyleProfileSystem.Editor", "CitrioN.StyleProfileSystem.Editor.csproj", "{149269ED-CA47-8318-12EA-0BDAB48E2F51}"
EndProject
Global
	GlobalSection(SolutionConfigurationPlatforms) = preSolution
		Debug|Any CPU = Debug|Any CPU
		Release|Any CPU = Release|Any CPU
	EndGlobalSection
	GlobalSection(ProjectConfigurationPlatforms) = postSolution
		{4389AC3C-3448-97B2-F115-D8989B2F3942}.Debug|Any CPU.ActiveCfg = Debug|Any CPU
		{4389AC3C-3448-97B2-F115-D8989B2F3942}.Debug|Any CPU.Build.0 = Debug|Any CPU
		{4389AC3C-3448-97B2-F115-D8989B2F3942}.Release|Any CPU.ActiveCfg = Release|Any CPU
		{4389AC3C-3448-97B2-F115-D8989B2F3942}.Release|Any CPU.Build.0 = Release|Any CPU
		{A205BC3C-0F5F-31D6-A04F-9140B18075B5}.Debug|Any CPU.ActiveCfg = Debug|Any CPU
		{A205BC3C-0F5F-31D6-A04F-9140B18075B5}.Debug|Any CPU.Build.0 = Debug|Any CPU
		{A205BC3C-0F5F-31D6-A04F-9140B18075B5}.Release|Any CPU.ActiveCfg = Release|Any CPU
		{A205BC3C-0F5F-31D6-A04F-9140B18075B5}.Release|Any CPU.Build.0 = Release|Any CPU
		{565ECD4D-8C4A-BCFB-053A-8D682477667C}.Debug|Any CPU.ActiveCfg = Debug|Any CPU
		{565ECD4D-8C4A-BCFB-053A-8D682477667C}.Debug|Any CPU.Build.0 = Debug|Any CPU
		{565ECD4D-8C4A-BCFB-053A-8D682477667C}.Release|Any CPU.ActiveCfg = Release|Any CPU
		{565ECD4D-8C4A-BCFB-053A-8D682477667C}.Release|Any CPU.Build.0 = Release|Any CPU
		{03C6EAE4-6E6E-4A78-16F6-97845CD75FAD}.Debug|Any CPU.ActiveCfg = Debug|Any CPU
		{03C6EAE4-6E6E-4A78-16F6-97845CD75FAD}.Debug|Any CPU.Build.0 = Debug|Any CPU
		{03C6EAE4-6E6E-4A78-16F6-97845CD75FAD}.Release|Any CPU.ActiveCfg = Release|Any CPU
		{03C6EAE4-6E6E-4A78-16F6-97845CD75FAD}.Release|Any CPU.Build.0 = Release|Any CPU
		{24AF9DB7-3C3D-DAA4-4B8E-F21D3CA2B09C}.Debug|Any CPU.ActiveCfg = Debug|Any CPU
		{24AF9DB7-3C3D-DAA4-4B8E-F21D3CA2B09C}.Debug|Any CPU.Build.0 = Debug|Any CPU
		{24AF9DB7-3C3D-DAA4-4B8E-F21D3CA2B09C}.Release|Any CPU.ActiveCfg = Release|Any CPU
		{24AF9DB7-3C3D-DAA4-4B8E-F21D3CA2B09C}.Release|Any CPU.Build.0 = Release|Any CPU
		{480A062E-0E8A-B4B5-75D0-84EC9B49BE04}.Debug|Any CPU.ActiveCfg = Debug|Any CPU
		{480A062E-0E8A-B4B5-75D0-84EC9B49BE04}.Debug|Any CPU.Build.0 = Debug|Any CPU
		{480A062E-0E8A-B4B5-75D0-84EC9B49BE04}.Release|Any CPU.ActiveCfg = Release|Any CPU
		{480A062E-0E8A-B4B5-75D0-84EC9B49BE04}.Release|Any CPU.Build.0 = Release|Any CPU
		{4C5B82D4-FA9A-AAA3-43F5-4BF0761F53C7}.Debug|Any CPU.ActiveCfg = Debug|Any CPU
		{4C5B82D4-FA9A-AAA3-43F5-4BF0761F53C7}.Debug|Any CPU.Build.0 = Debug|Any CPU
		{4C5B82D4-FA9A-AAA3-43F5-4BF0761F53C7}.Release|Any CPU.ActiveCfg = Release|Any CPU
		{4C5B82D4-FA9A-AAA3-43F5-4BF0761F53C7}.Release|Any CPU.Build.0 = Release|Any CPU
		{9CF8E439-74C8-A3C7-E1EE-5E3F863B6D4D}.Debug|Any CPU.ActiveCfg = Debug|Any CPU
		{9CF8E439-74C8-A3C7-E1EE-5E3F863B6D4D}.Debug|Any CPU.Build.0 = Debug|Any CPU
		{9CF8E439-74C8-A3C7-E1EE-5E3F863B6D4D}.Release|Any CPU.ActiveCfg = Release|Any CPU
		{9CF8E439-74C8-A3C7-E1EE-5E3F863B6D4D}.Release|Any CPU.Build.0 = Release|Any CPU
		{577F9B9A-D130-DE19-0315-95BB99240199}.Debug|Any CPU.ActiveCfg = Debug|Any CPU
		{577F9B9A-D130-DE19-0315-95BB99240199}.Debug|Any CPU.Build.0 = Debug|Any CPU
		{577F9B9A-D130-DE19-0315-95BB99240199}.Release|Any CPU.ActiveCfg = Release|Any CPU
		{577F9B9A-D130-DE19-0315-95BB99240199}.Release|Any CPU.Build.0 = Release|Any CPU
		{50D099D6-74EF-03EC-FF81-8219340A03E7}.Debug|Any CPU.ActiveCfg = Debug|Any CPU
		{50D099D6-74EF-03EC-FF81-8219340A03E7}.Debug|Any CPU.Build.0 = Debug|Any CPU
		{50D099D6-74EF-03EC-FF81-8219340A03E7}.Release|Any CPU.ActiveCfg = Release|Any CPU
		{50D099D6-74EF-03EC-FF81-8219340A03E7}.Release|Any CPU.Build.0 = Release|Any CPU
		{F5C71546-122F-DC13-EF10-6BD8E4182986}.Debug|Any CPU.ActiveCfg = Debug|Any CPU
		{F5C71546-122F-DC13-EF10-6BD8E4182986}.Debug|Any CPU.Build.0 = Debug|Any CPU
		{F5C71546-122F-DC13-EF10-6BD8E4182986}.Release|Any CPU.ActiveCfg = Release|Any CPU
		{F5C71546-122F-DC13-EF10-6BD8E4182986}.Release|Any CPU.Build.0 = Release|Any CPU
		{F8F9FEFE-7479-7E2B-E043-B0EAAF4949E2}.Debug|Any CPU.ActiveCfg = Debug|Any CPU
		{F8F9FEFE-7479-7E2B-E043-B0EAAF4949E2}.Debug|Any CPU.Build.0 = Debug|Any CPU
		{F8F9FEFE-7479-7E2B-E043-B0EAAF4949E2}.Release|Any CPU.ActiveCfg = Release|Any CPU
		{F8F9FEFE-7479-7E2B-E043-B0EAAF4949E2}.Release|Any CPU.Build.0 = Release|Any CPU
		{6EE0D61F-9410-E60E-7784-1CACE84ED422}.Debug|Any CPU.ActiveCfg = Debug|Any CPU
		{6EE0D61F-9410-E60E-7784-1CACE84ED422}.Debug|Any CPU.Build.0 = Debug|Any CPU
		{6EE0D61F-9410-E60E-7784-1CACE84ED422}.Release|Any CPU.ActiveCfg = Release|Any CPU
		{6EE0D61F-9410-E60E-7784-1CACE84ED422}.Release|Any CPU.Build.0 = Release|Any CPU
		{6273123F-A434-9AC8-419B-8C491DEE0E7E}.Debug|Any CPU.ActiveCfg = Debug|Any CPU
		{6273123F-A434-9AC8-419B-8C491DEE0E7E}.Debug|Any CPU.Build.0 = Debug|Any CPU
		{6273123F-A434-9AC8-419B-8C491DEE0E7E}.Release|Any CPU.ActiveCfg = Release|Any CPU
		{6273123F-A434-9AC8-419B-8C491DEE0E7E}.Release|Any CPU.Build.0 = Release|Any CPU
		{BB4471AA-39E0-D53E-96AA-0D385AD27B80}.Debug|Any CPU.ActiveCfg = Debug|Any CPU
		{BB4471AA-39E0-D53E-96AA-0D385AD27B80}.Debug|Any CPU.Build.0 = Debug|Any CPU
		{BB4471AA-39E0-D53E-96AA-0D385AD27B80}.Release|Any CPU.ActiveCfg = Release|Any CPU
		{BB4471AA-39E0-D53E-96AA-0D385AD27B80}.Release|Any CPU.Build.0 = Release|Any CPU
		{DA48FB7E-9434-7ED4-91A1-DE99F6AA7544}.Debug|Any CPU.ActiveCfg = Debug|Any CPU
		{DA48FB7E-9434-7ED4-91A1-DE99F6AA7544}.Debug|Any CPU.Build.0 = Debug|Any CPU
		{DA48FB7E-9434-7ED4-91A1-DE99F6AA7544}.Release|Any CPU.ActiveCfg = Release|Any CPU
		{DA48FB7E-9434-7ED4-91A1-DE99F6AA7544}.Release|Any CPU.Build.0 = Release|Any CPU
		{A90133BB-A221-3BA9-667D-2B946914CEF1}.Debug|Any CPU.ActiveCfg = Debug|Any CPU
		{A90133BB-A221-3BA9-667D-2B946914CEF1}.Debug|Any CPU.Build.0 = Debug|Any CPU
		{A90133BB-A221-3BA9-667D-2B946914CEF1}.Release|Any CPU.ActiveCfg = Release|Any CPU
		{A90133BB-A221-3BA9-667D-2B946914CEF1}.Release|Any CPU.Build.0 = Release|Any CPU
		{2ED0A9D6-0A07-2C52-F4CF-797F8A382B60}.Debug|Any CPU.ActiveCfg = Debug|Any CPU
		{2ED0A9D6-0A07-2C52-F4CF-797F8A382B60}.Debug|Any CPU.Build.0 = Debug|Any CPU
		{2ED0A9D6-0A07-2C52-F4CF-797F8A382B60}.Release|Any CPU.ActiveCfg = Release|Any CPU
		{2ED0A9D6-0A07-2C52-F4CF-797F8A382B60}.Release|Any CPU.Build.0 = Release|Any CPU
		{596FE2F7-1F67-BB57-783C-17F39CAD0D56}.Debug|Any CPU.ActiveCfg = Debug|Any CPU
		{596FE2F7-1F67-BB57-783C-17F39CAD0D56}.Debug|Any CPU.Build.0 = Debug|Any CPU
		{596FE2F7-1F67-BB57-783C-17F39CAD0D56}.Release|Any CPU.ActiveCfg = Release|Any CPU
		{596FE2F7-1F67-BB57-783C-17F39CAD0D56}.Release|Any CPU.Build.0 = Release|Any CPU
		{ED9A9FDC-FE53-82CA-B967-57EE49D4C200}.Debug|Any CPU.ActiveCfg = Debug|Any CPU
		{ED9A9FDC-FE53-82CA-B967-57EE49D4C200}.Debug|Any CPU.Build.0 = Debug|Any CPU
		{ED9A9FDC-FE53-82CA-B967-57EE49D4C200}.Release|Any CPU.ActiveCfg = Release|Any CPU
		{ED9A9FDC-FE53-82CA-B967-57EE49D4C200}.Release|Any CPU.Build.0 = Release|Any CPU
		{0E767A09-5AA9-0A19-CED8-E1C6EF90F57D}.Debug|Any CPU.ActiveCfg = Debug|Any CPU
		{0E767A09-5AA9-0A19-CED8-E1C6EF90F57D}.Debug|Any CPU.Build.0 = Debug|Any CPU
		{0E767A09-5AA9-0A19-CED8-E1C6EF90F57D}.Release|Any CPU.ActiveCfg = Release|Any CPU
		{0E767A09-5AA9-0A19-CED8-E1C6EF90F57D}.Release|Any CPU.Build.0 = Release|Any CPU
		{E505F858-6486-A16C-8664-A1E9BFF2BECC}.Debug|Any CPU.ActiveCfg = Debug|Any CPU
		{E505F858-6486-A16C-8664-A1E9BFF2BECC}.Debug|Any CPU.Build.0 = Debug|Any CPU
		{E505F858-6486-A16C-8664-A1E9BFF2BECC}.Release|Any CPU.ActiveCfg = Release|Any CPU
		{E505F858-6486-A16C-8664-A1E9BFF2BECC}.Release|Any CPU.Build.0 = Release|Any CPU
		{8860659B-2354-C553-51C6-EB69D2580DDB}.Debug|Any CPU.ActiveCfg = Debug|Any CPU
		{8860659B-2354-C553-51C6-EB69D2580DDB}.Debug|Any CPU.Build.0 = Debug|Any CPU
		{8860659B-2354-C553-51C6-EB69D2580DDB}.Release|Any CPU.ActiveCfg = Release|Any CPU
		{8860659B-2354-C553-51C6-EB69D2580DDB}.Release|Any CPU.Build.0 = Release|Any CPU
		{7782F9F2-1CA5-BA50-3848-FCA35E70FBC9}.Debug|Any CPU.ActiveCfg = Debug|Any CPU
		{7782F9F2-1CA5-BA50-3848-FCA35E70FBC9}.Debug|Any CPU.Build.0 = Debug|Any CPU
		{7782F9F2-1CA5-BA50-3848-FCA35E70FBC9}.Release|Any CPU.ActiveCfg = Release|Any CPU
		{7782F9F2-1CA5-BA50-3848-FCA35E70FBC9}.Release|Any CPU.Build.0 = Release|Any CPU
		{28B08D61-915B-BE21-7F0C-31AE41F0E309}.Debug|Any CPU.ActiveCfg = Debug|Any CPU
		{28B08D61-915B-BE21-7F0C-31AE41F0E309}.Debug|Any CPU.Build.0 = Debug|Any CPU
		{28B08D61-915B-BE21-7F0C-31AE41F0E309}.Release|Any CPU.ActiveCfg = Release|Any CPU
		{28B08D61-915B-BE21-7F0C-31AE41F0E309}.Release|Any CPU.Build.0 = Release|Any CPU
		{CA5D96D4-449D-C9AA-B3DB-8730466D1E18}.Debug|Any CPU.ActiveCfg = Debug|Any CPU
		{CA5D96D4-449D-C9AA-B3DB-8730466D1E18}.Debug|Any CPU.Build.0 = Debug|Any CPU
		{CA5D96D4-449D-C9AA-B3DB-8730466D1E18}.Release|Any CPU.ActiveCfg = Release|Any CPU
		{CA5D96D4-449D-C9AA-B3DB-8730466D1E18}.Release|Any CPU.Build.0 = Release|Any CPU
		{F17927D9-C68A-170D-47D6-74B15AD7F709}.Debug|Any CPU.ActiveCfg = Debug|Any CPU
		{F17927D9-C68A-170D-47D6-74B15AD7F709}.Debug|Any CPU.Build.0 = Debug|Any CPU
		{F17927D9-C68A-170D-47D6-74B15AD7F709}.Release|Any CPU.ActiveCfg = Release|Any CPU
		{F17927D9-C68A-170D-47D6-74B15AD7F709}.Release|Any CPU.Build.0 = Release|Any CPU
		{EC9BABF8-27BF-6A7A-2BC8-6AEF30A9ACFC}.Debug|Any CPU.ActiveCfg = Debug|Any CPU
		{EC9BABF8-27BF-6A7A-2BC8-6AEF30A9ACFC}.Debug|Any CPU.Build.0 = Debug|Any CPU
		{EC9BABF8-27BF-6A7A-2BC8-6AEF30A9ACFC}.Release|Any CPU.ActiveCfg = Release|Any CPU
		{EC9BABF8-27BF-6A7A-2BC8-6AEF30A9ACFC}.Release|Any CPU.Build.0 = Release|Any CPU
		{5D97C08B-C972-FDDE-EFDB-51C5041E1378}.Debug|Any CPU.ActiveCfg = Debug|Any CPU
		{5D97C08B-C972-FDDE-EFDB-51C5041E1378}.Debug|Any CPU.Build.0 = Debug|Any CPU
		{5D97C08B-C972-FDDE-EFDB-51C5041E1378}.Release|Any CPU.ActiveCfg = Release|Any CPU
		{5D97C08B-C972-FDDE-EFDB-51C5041E1378}.Release|Any CPU.Build.0 = Release|Any CPU
		{CADAFA43-B7B7-DE6F-24C3-5B0ECBE94AF1}.Debug|Any CPU.ActiveCfg = Debug|Any CPU
		{CADAFA43-B7B7-DE6F-24C3-5B0ECBE94AF1}.Debug|Any CPU.Build.0 = Debug|Any CPU
		{CADAFA43-B7B7-DE6F-24C3-5B0ECBE94AF1}.Release|Any CPU.ActiveCfg = Release|Any CPU
		{CADAFA43-B7B7-DE6F-24C3-5B0ECBE94AF1}.Release|Any CPU.Build.0 = Release|Any CPU
		{3413CC13-7FD4-F2E0-D9E9-1840171CDBB4}.Debug|Any CPU.ActiveCfg = Debug|Any CPU
		{3413CC13-7FD4-F2E0-D9E9-1840171CDBB4}.Debug|Any CPU.Build.0 = Debug|Any CPU
		{3413CC13-7FD4-F2E0-D9E9-1840171CDBB4}.Release|Any CPU.ActiveCfg = Release|Any CPU
		{3413CC13-7FD4-F2E0-D9E9-1840171CDBB4}.Release|Any CPU.Build.0 = Release|Any CPU
		{149269ED-CA47-8318-12EA-0BDAB48E2F51}.Debug|Any CPU.ActiveCfg = Debug|Any CPU
		{149269ED-CA47-8318-12EA-0BDAB48E2F51}.Debug|Any CPU.Build.0 = Debug|Any CPU
		{149269ED-CA47-8318-12EA-0BDAB48E2F51}.Release|Any CPU.ActiveCfg = Release|Any CPU
		{149269ED-CA47-8318-12EA-0BDAB48E2F51}.Release|Any CPU.Build.0 = Release|Any CPU
	EndGlobalSection
	GlobalSection(SolutionProperties) = preSolution
		HideSolutionNode = FALSE
	EndGlobalSection
EndGlobal
